// !$*UTF8*$!
{
	archiveVersion = 1;
	classes = {
	};
	objectVersion = 55;
	objects = {

/* Begin PBXBuildFile section */
		ED2CB32627903D5E00EFE29A /* TabBarController.swift in Sources */ = {isa = PBXBuildFile; fileRef = ED2CB32527903D5E00EFE29A /* TabBarController.swift */; };
		ED2CB3292790492700EFE29A /* MediaLibrary.swift in Sources */ = {isa = PBXBuildFile; fileRef = ED2CB3282790492700EFE29A /* MediaLibrary.swift */; };
		ED2CB32B279050FC00EFE29A /* ForYou.swift in Sources */ = {isa = PBXBuildFile; fileRef = ED2CB32A279050FC00EFE29A /* ForYou.swift */; };
		ED2CB32D27905C0000EFE29A /* Albums.swift in Sources */ = {isa = PBXBuildFile; fileRef = ED2CB32C27905C0000EFE29A /* Albums.swift */; };
		ED2CB32F27905C5200EFE29A /* Search.swift in Sources */ = {isa = PBXBuildFile; fileRef = ED2CB32E27905C5200EFE29A /* Search.swift */; };
		ED54E85827902A7B00A89BBA /* AppDelegate.swift in Sources */ = {isa = PBXBuildFile; fileRef = ED54E85727902A7B00A89BBA /* AppDelegate.swift */; };
		ED54E85C27902A7B00A89BBA /* ViewController.swift in Sources */ = {isa = PBXBuildFile; fileRef = ED54E85B27902A7B00A89BBA /* ViewController.swift */; };
		ED54E86127902A7B00A89BBA /* Assets.xcassets in Resources */ = {isa = PBXBuildFile; fileRef = ED54E86027902A7B00A89BBA /* Assets.xcassets */; };
		ED54E86427902A7B00A89BBA /* LaunchScreen.storyboard in Resources */ = {isa = PBXBuildFile; fileRef = ED54E86227902A7B00A89BBA /* LaunchScreen.storyboard */; };
/* End PBXBuildFile section */

/* Begin PBXFileReference section */
		ED2CB32527903D5E00EFE29A /* TabBarController.swift */ = {isa = PBXFileReference; lastKnownFileType = sourcecode.swift; path = TabBarController.swift; sourceTree = "<group>"; };
		ED2CB3282790492700EFE29A /* MediaLibrary.swift */ = {isa = PBXFileReference; lastKnownFileType = sourcecode.swift; path = MediaLibrary.swift; sourceTree = "<group>"; };
		ED2CB32A279050FC00EFE29A /* ForYou.swift */ = {isa = PBXFileReference; lastKnownFileType = sourcecode.swift; path = ForYou.swift; sourceTree = "<group>"; };
		ED2CB32C27905C0000EFE29A /* Albums.swift */ = {isa = PBXFileReference; lastKnownFileType = sourcecode.swift; path = Albums.swift; sourceTree = "<group>"; };
		ED2CB32E27905C5200EFE29A /* Search.swift */ = {isa = PBXFileReference; lastKnownFileType = sourcecode.swift; path = Search.swift; sourceTree = "<group>"; };
		ED54E85427902A7B00A89BBA /* iOS photo.app */ = {isa = PBXFileReference; explicitFileType = wrapper.application; includeInIndex = 0; path = "iOS photo.app"; sourceTree = BUILT_PRODUCTS_DIR; };
		ED54E85727902A7B00A89BBA /* AppDelegate.swift */ = {isa = PBXFileReference; lastKnownFileType = sourcecode.swift; path = AppDelegate.swift; sourceTree = "<group>"; };
		ED54E85B27902A7B00A89BBA /* ViewController.swift */ = {isa = PBXFileReference; lastKnownFileType = sourcecode.swift; path = ViewController.swift; sourceTree = "<group>"; };
		ED54E86027902A7B00A89BBA /* Assets.xcassets */ = {isa = PBXFileReference; lastKnownFileType = folder.assetcatalog; path = Assets.xcassets; sourceTree = "<group>"; };
		ED54E86327902A7B00A89BBA /* Base */ = {isa = PBXFileReference; lastKnownFileType = file.storyboard; name = Base; path = Base.lproj/LaunchScreen.storyboard; sourceTree = "<group>"; };
		ED54E86527902A7B00A89BBA /* Info.plist */ = {isa = PBXFileReference; lastKnownFileType = text.plist.xml; path = Info.plist; sourceTree = "<group>"; };
/* End PBXFileReference section */

/* Begin PBXFrameworksBuildPhase section */
		ED54E85127902A7B00A89BBA /* Frameworks */ = {
			isa = PBXFrameworksBuildPhase;
			buildActionMask = 2147483647;
			files = (
			);
			runOnlyForDeploymentPostprocessing = 0;
		};
/* End PBXFrameworksBuildPhase section */

/* Begin PBXGroup section */
		ED2CB32727903DCF00EFE29A /* Tab Bar */ = {
			isa = PBXGroup;
			children = (
				ED2CB32527903D5E00EFE29A /* TabBarController.swift */,
				ED2CB3302790783600EFE29A /* ТаbBar Views */,
			);
			path = "Tab Bar";
			sourceTree = "<group>";
		};
		ED2CB3302790783600EFE29A /* ТаbBar Views */ = {
			isa = PBXGroup;
			children = (
				ED2CB3282790492700EFE29A /* MediaLibrary.swift */,
				ED2CB32A279050FC00EFE29A /* ForYou.swift */,
				ED2CB32C27905C0000EFE29A /* Albums.swift */,
				ED2CB32E27905C5200EFE29A /* Search.swift */,
			);
			path = "ТаbBar Views";
			sourceTree = "<group>";
		};
		ED54E84B27902A7B00A89BBA = {
			isa = PBXGroup;
			children = (
				ED54E85627902A7B00A89BBA /* iOS photo */,
				ED54E85527902A7B00A89BBA /* Products */,
			);
			sourceTree = "<group>";
		};
		ED54E85527902A7B00A89BBA /* Products */ = {
			isa = PBXGroup;
			children = (
				ED54E85427902A7B00A89BBA /* iOS photo.app */,
			);
			name = Products;
			sourceTree = "<group>";
		};
		ED54E85627902A7B00A89BBA /* iOS photo */ = {
			isa = PBXGroup;
			children = (
				ED7A904427902EDC00489CB5 /* Resources */,
				ED7A904727902F2200489CB5 /* Sources */,
				ED54E86027902A7B00A89BBA /* Assets.xcassets */,
			);
			path = "iOS photo";
			sourceTree = "<group>";
		};
		ED7A904427902EDC00489CB5 /* Resources */ = {
			isa = PBXGroup;
			children = (
				ED7A904527902EEE00489CB5 /* Config */,
				ED7A904627902F0700489CB5 /* Storuboards */,
			);
			path = Resources;
			sourceTree = "<group>";
		};
		ED7A904527902EEE00489CB5 /* Config */ = {
			isa = PBXGroup;
			children = (
				ED54E86527902A7B00A89BBA /* Info.plist */,
			);
			path = Config;
			sourceTree = "<group>";
		};
		ED7A904627902F0700489CB5 /* Storuboards */ = {
			isa = PBXGroup;
			children = (
				ED54E86227902A7B00A89BBA /* LaunchScreen.storyboard */,
			);
			path = Storuboards;
			sourceTree = "<group>";
		};
		ED7A904727902F2200489CB5 /* Sources */ = {
			isa = PBXGroup;
			children = (
				ED7A904827902F3400489CB5 /* App */,
				ED7A904927902F4600489CB5 /* View Controllers */,
			);
			path = Sources;
			sourceTree = "<group>";
		};
		ED7A904827902F3400489CB5 /* App */ = {
			isa = PBXGroup;
			children = (
				ED54E85727902A7B00A89BBA /* AppDelegate.swift */,
			);
			path = App;
			sourceTree = "<group>";
		};
		ED7A904927902F4600489CB5 /* View Controllers */ = {
			isa = PBXGroup;
			children = (
				ED54E85B27902A7B00A89BBA /* ViewController.swift */,
				ED2CB32727903DCF00EFE29A /* Tab Bar */,
			);
			path = "View Controllers";
			sourceTree = "<group>";
		};
/* End PBXGroup section */

/* Begin PBXNativeTarget section */
		ED54E85327902A7B00A89BBA /* iOS photo */ = {
			isa = PBXNativeTarget;
			buildConfigurationList = ED54E86827902A7B00A89BBA /* Build configuration list for PBXNativeTarget "iOS photo" */;
			buildPhases = (
				ED54E85027902A7B00A89BBA /* Sources */,
				ED54E85127902A7B00A89BBA /* Frameworks */,
				ED54E85227902A7B00A89BBA /* Resources */,
			);
			buildRules = (
			);
			dependencies = (
			);
			name = "iOS photo";
			productName = "iOS photo";
			productReference = ED54E85427902A7B00A89BBA /* iOS photo.app */;
			productType = "com.apple.product-type.application";
		};
/* End PBXNativeTarget section */

/* Begin PBXProject section */
		ED54E84C27902A7B00A89BBA /* Project object */ = {
			isa = PBXProject;
			attributes = {
				BuildIndependentTargetsInParallel = 1;
				LastSwiftUpdateCheck = 1320;
				LastUpgradeCheck = 1320;
				TargetAttributes = {
					ED54E85327902A7B00A89BBA = {
						CreatedOnToolsVersion = 13.2.1;
					};
				};
			};
			buildConfigurationList = ED54E84F27902A7B00A89BBA /* Build configuration list for PBXProject "iOS photo" */;
			compatibilityVersion = "Xcode 13.0";
			developmentRegion = en;
			hasScannedForEncodings = 0;
			knownRegions = (
				en,
				Base,
			);
			mainGroup = ED54E84B27902A7B00A89BBA;
			productRefGroup = ED54E85527902A7B00A89BBA /* Products */;
			projectDirPath = "";
			projectRoot = "";
			targets = (
				ED54E85327902A7B00A89BBA /* iOS photo */,
			);
		};
/* End PBXProject section */

/* Begin PBXResourcesBuildPhase section */
		ED54E85227902A7B00A89BBA /* Resources */ = {
			isa = PBXResourcesBuildPhase;
			buildActionMask = 2147483647;
			files = (
				ED54E86427902A7B00A89BBA /* LaunchScreen.storyboard in Resources */,
				ED54E86127902A7B00A89BBA /* Assets.xcassets in Resources */,
			);
			runOnlyForDeploymentPostprocessing = 0;
		};
/* End PBXResourcesBuildPhase section */

/* Begin PBXSourcesBuildPhase section */
		ED54E85027902A7B00A89BBA /* Sources */ = {
			isa = PBXSourcesBuildPhase;
			buildActionMask = 2147483647;
			files = (
				ED2CB32627903D5E00EFE29A /* TabBarController.swift in Sources */,
				ED54E85C27902A7B00A89BBA /* ViewController.swift in Sources */,
				ED2CB3292790492700EFE29A /* MediaLibrary.swift in Sources */,
				ED2CB32D27905C0000EFE29A /* Albums.swift in Sources */,
				ED54E85827902A7B00A89BBA /* AppDelegate.swift in Sources */,
				ED2CB32B279050FC00EFE29A /* ForYou.swift in Sources */,
				ED2CB32F27905C5200EFE29A /* Search.swift in Sources */,
			);
			runOnlyForDeploymentPostprocessing = 0;
		};
/* End PBXSourcesBuildPhase section */

/* Begin PBXVariantGroup section */
		ED54E86227902A7B00A89BBA /* LaunchScreen.storyboard */ = {
			isa = PBXVariantGroup;
			children = (
				ED54E86327902A7B00A89BBA /* Base */,
			);
			name = LaunchScreen.storyboard;
			sourceTree = "<group>";
		};
/* End PBXVariantGroup section */

/* Begin XCBuildConfiguration section */
		ED54E86627902A7B00A89BBA /* Debug */ = {
			isa = XCBuildConfiguration;
			buildSettings = {
				ALWAYS_SEARCH_USER_PATHS = NO;
				CLANG_ANALYZER_NONNULL = YES;
				CLANG_ANALYZER_NUMBER_OBJECT_CONVERSION = YES_AGGRESSIVE;
				CLANG_CXX_LANGUAGE_STANDARD = "gnu++17";
				CLANG_CXX_LIBRARY = "libc++";
				CLANG_ENABLE_MODULES = YES;
				CLANG_ENABLE_OBJC_ARC = YES;
				CLANG_ENABLE_OBJC_WEAK = YES;
				CLANG_WARN_BLOCK_CAPTURE_AUTORELEASING = YES;
				CLANG_WARN_BOOL_CONVERSION = YES;
				CLANG_WARN_COMMA = YES;
				CLANG_WARN_CONSTANT_CONVERSION = YES;
				CLANG_WARN_DEPRECATED_OBJC_IMPLEMENTATIONS = YES;
				CLANG_WARN_DIRECT_OBJC_ISA_USAGE = YES_ERROR;
				CLANG_WARN_DOCUMENTATION_COMMENTS = YES;
				CLANG_WARN_EMPTY_BODY = YES;
				CLANG_WARN_ENUM_CONVERSION = YES;
				CLANG_WARN_INFINITE_RECURSION = YES;
				CLANG_WARN_INT_CONVERSION = YES;
				CLANG_WARN_NON_LITERAL_NULL_CONVERSION = YES;
				CLANG_WARN_OBJC_IMPLICIT_RETAIN_SELF = YES;
				CLANG_WARN_OBJC_LITERAL_CONVERSION = YES;
				CLANG_WARN_OBJC_ROOT_CLASS = YES_ERROR;
				CLANG_WARN_QUOTED_INCLUDE_IN_FRAMEWORK_HEADER = YES;
				CLANG_WARN_RANGE_LOOP_ANALYSIS = YES;
				CLANG_WARN_STRICT_PROTOTYPES = YES;
				CLANG_WARN_SUSPICIOUS_MOVE = YES;
				CLANG_WARN_UNGUARDED_AVAILABILITY = YES_AGGRESSIVE;
				CLANG_WARN_UNREACHABLE_CODE = YES;
				CLANG_WARN__DUPLICATE_METHOD_MATCH = YES;
				COPY_PHASE_STRIP = NO;
				DEBUG_INFORMATION_FORMAT = dwarf;
				ENABLE_STRICT_OBJC_MSGSEND = YES;
				ENABLE_TESTABILITY = YES;
				GCC_C_LANGUAGE_STANDARD = gnu11;
				GCC_DYNAMIC_NO_PIC = NO;
				GCC_NO_COMMON_BLOCKS = YES;
				GCC_OPTIMIZATION_LEVEL = 0;
				GCC_PREPROCESSOR_DEFINITIONS = (
					"DEBUG=1",
					"$(inherited)",
				);
				GCC_WARN_64_TO_32_BIT_CONVERSION = YES;
				GCC_WARN_ABOUT_RETURN_TYPE = YES_ERROR;
				GCC_WARN_UNDECLARED_SELECTOR = YES;
				GCC_WARN_UNINITIALIZED_AUTOS = YES_AGGRESSIVE;
				GCC_WARN_UNUSED_FUNCTION = YES;
				GCC_WARN_UNUSED_VARIABLE = YES;
				IPHONEOS_DEPLOYMENT_TARGET = 15.2;
				MTL_ENABLE_DEBUG_INFO = INCLUDE_SOURCE;
				MTL_FAST_MATH = YES;
				ONLY_ACTIVE_ARCH = YES;
				SDKROOT = iphoneos;
				SWIFT_ACTIVE_COMPILATION_CONDITIONS = DEBUG;
				SWIFT_OPTIMIZATION_LEVEL = "-Onone";
			};
			name = Debug;
		};
		ED54E86727902A7B00A89BBA /* Release */ = {
			isa = XCBuildConfiguration;
			buildSettings = {
				ALWAYS_SEARCH_USER_PATHS = NO;
				CLANG_ANALYZER_NONNULL = YES;
				CLANG_ANALYZER_NUMBER_OBJECT_CONVERSION = YES_AGGRESSIVE;
				CLANG_CXX_LANGUAGE_STANDARD = "gnu++17";
				CLANG_CXX_LIBRARY = "libc++";
				CLANG_ENABLE_MODULES = YES;
				CLANG_ENABLE_OBJC_ARC = YES;
				CLANG_ENABLE_OBJC_WEAK = YES;
				CLANG_WARN_BLOCK_CAPTURE_AUTORELEASING = YES;
				CLANG_WARN_BOOL_CONVERSION = YES;
				CLANG_WARN_COMMA = YES;
				CLANG_WARN_CONSTANT_CONVERSION = YES;
				CLANG_WARN_DEPRECATED_OBJC_IMPLEMENTATIONS = YES;
				CLANG_WARN_DIRECT_OBJC_ISA_USAGE = YES_ERROR;
				CLANG_WARN_DOCUMENTATION_COMMENTS = YES;
				CLANG_WARN_EMPTY_BODY = YES;
				CLANG_WARN_ENUM_CONVERSION = YES;
				CLANG_WARN_INFINITE_RECURSION = YES;
				CLANG_WARN_INT_CONVERSION = YES;
				CLANG_WARN_NON_LITERAL_NULL_CONVERSION = YES;
				CLANG_WARN_OBJC_IMPLICIT_RETAIN_SELF = YES;
				CLANG_WARN_OBJC_LITERAL_CONVERSION = YES;
				CLANG_WARN_OBJC_ROOT_CLASS = YES_ERROR;
				CLANG_WARN_QUOTED_INCLUDE_IN_FRAMEWORK_HEADER = YES;
				CLANG_WARN_RANGE_LOOP_ANALYSIS = YES;
				CLANG_WARN_STRICT_PROTOTYPES = YES;
				CLANG_WARN_SUSPICIOUS_MOVE = YES;
				CLANG_WARN_UNGUARDED_AVAILABILITY = YES_AGGRESSIVE;
				CLANG_WARN_UNREACHABLE_CODE = YES;
				CLANG_WARN__DUPLICATE_METHOD_MATCH = YES;
				COPY_PHASE_STRIP = NO;
				DEBUG_INFORMATION_FORMAT = "dwarf-with-dsym";
				ENABLE_NS_ASSERTIONS = NO;
				ENABLE_STRICT_OBJC_MSGSEND = YES;
				GCC_C_LANGUAGE_STANDARD = gnu11;
				GCC_NO_COMMON_BLOCKS = YES;
				GCC_WARN_64_TO_32_BIT_CONVERSION = YES;
				GCC_WARN_ABOUT_RETURN_TYPE = YES_ERROR;
				GCC_WARN_UNDECLARED_SELECTOR = YES;
				GCC_WARN_UNINITIALIZED_AUTOS = YES_AGGRESSIVE;
				GCC_WARN_UNUSED_FUNCTION = YES;
				GCC_WARN_UNUSED_VARIABLE = YES;
				IPHONEOS_DEPLOYMENT_TARGET = 15.2;
				MTL_ENABLE_DEBUG_INFO = NO;
				MTL_FAST_MATH = YES;
				SDKROOT = iphoneos;
				SWIFT_COMPILATION_MODE = wholemodule;
				SWIFT_OPTIMIZATION_LEVEL = "-O";
				VALIDATE_PRODUCT = YES;
			};
			name = Release;
		};
		ED54E86927902A7B00A89BBA /* Debug */ = {
			isa = XCBuildConfiguration;
			buildSettings = {
				ASSETCATALOG_COMPILER_APPICON_NAME = AppIcon;
				ASSETCATALOG_COMPILER_GLOBAL_ACCENT_COLOR_NAME = AccentColor;
				CODE_SIGN_STYLE = Automatic;
				CURRENT_PROJECT_VERSION = 1;
				DEVELOPMENT_TEAM = M92NK435W6;
				GENERATE_INFOPLIST_FILE = YES;
				INFOPLIST_FILE = "iOS photo/Info.plist";
				INFOPLIST_KEY_UIApplicationSupportsIndirectInputEvents = YES;
				INFOPLIST_KEY_UILaunchStoryboardName = LaunchScreen;
				INFOPLIST_KEY_UISupportedInterfaceOrientations_iPad = "UIInterfaceOrientationPortrait UIInterfaceOrientationPortraitUpsideDown UIInterfaceOrientationLandscapeLeft UIInterfaceOrientationLandscapeRight";
				INFOPLIST_KEY_UISupportedInterfaceOrientations_iPhone = "UIInterfaceOrientationPortrait UIInterfaceOrientationLandscapeLeft UIInterfaceOrientationLandscapeRight";
				LD_RUNPATH_SEARCH_PATHS = (
					"$(inherited)",
					"@executable_path/Frameworks",
				);
				MARKETING_VERSION = 1.0;
				PRODUCT_BUNDLE_IDENTIFIER = "com.pavel.iOS-photo";
				PRODUCT_NAME = "$(TARGET_NAME)";
				SWIFT_EMIT_LOC_STRINGS = YES;
				SWIFT_VERSION = 5.0;
				TARGETED_DEVICE_FAMILY = "1,2";
			};
			name = Debug;
		};
		ED54E86A27902A7B00A89BBA /* Release */ = {
			isa = XCBuildConfiguration;
			buildSettings = {
				ASSETCATALOG_COMPILER_APPICON_NAME = AppIcon;
				ASSETCATALOG_COMPILER_GLOBAL_ACCENT_COLOR_NAME = AccentColor;
				CODE_SIGN_STYLE = Automatic;
				CURRENT_PROJECT_VERSION = 1;
				DEVELOPMENT_TEAM = M92NK435W6;
				GENERATE_INFOPLIST_FILE = YES;
				INFOPLIST_FILE = "iOS photo/Info.plist";
				INFOPLIST_KEY_UIApplicationSupportsIndirectInputEvents = YES;
				INFOPLIST_KEY_UILaunchStoryboardName = LaunchScreen;
				INFOPLIST_KEY_UISupportedInterfaceOrientations_iPad = "UIInterfaceOrientationPortrait UIInterfaceOrientationPortraitUpsideDown UIInterfaceOrientationLandscapeLeft UIInterfaceOrientationLandscapeRight";
				INFOPLIST_KEY_UISupportedInterfaceOrientations_iPhone = "UIInterfaceOrientationPortrait UIInterfaceOrientationLandscapeLeft UIInterfaceOrientationLandscapeRight";
				LD_RUNPATH_SEARCH_PATHS = (
					"$(inherited)",
					"@executable_path/Frameworks",
				);
				MARKETING_VERSION = 1.0;
				PRODUCT_BUNDLE_IDENTIFIER = "com.pavel.iOS-photo";
				PRODUCT_NAME = "$(TARGET_NAME)";
				SWIFT_EMIT_LOC_STRINGS = YES;
				SWIFT_VERSION = 5.0;
				TARGETED_DEVICE_FAMILY = "1,2";
			};
			name = Release;
		};
/* End XCBuildConfiguration section */

/* Begin XCConfigurationList section */
		ED54E84F27902A7B00A89BBA /* Build configuration list for PBXProject "iOS photo" */ = {
			isa = XCConfigurationList;
			buildConfigurations = (
				ED54E86627902A7B00A89BBA /* Debug */,
				ED54E86727902A7B00A89BBA /* Release */,
			);
			defaultConfigurationIsVisible = 0;
			defaultConfigurationName = Release;
		};
		ED54E86827902A7B00A89BBA /* Build configuration list for PBXNativeTarget "iOS photo" */ = {
			isa = XCConfigurationList;
			buildConfigurations = (
				ED54E86927902A7B00A89BBA /* Debug */,
				ED54E86A27902A7B00A89BBA /* Release */,
			);
			defaultConfigurationIsVisible = 0;
			defaultConfigurationName = Release;
		};
/* End XCConfigurationList section */
	};
	rootObject = ED54E84C27902A7B00A89BBA /* Project object */;
}
